
Microsoft Visual Studio Solution File, Format Version 12.00
# Visual Studio 15
VisualStudioVersion = 15.0.28307.421
MinimumVisualStudioVersion = 10.0.40219.1
Project("{9A19103F-16F7-4668-BE54-9A1E7A4F7556}") = "MyConsoleApp", "MyConsoleApp\MyConsoleApp.csproj", "{89D96523-B035-4557-A592-F62453C98F9B}"
EndProject
Project("{9A19103F-16F7-4668-BE54-9A1E7A4F7556}") = "MyConsoleApp.Test", "MyConsoleApp.Test\MyConsoleApp.Test.csproj", "{4D827A71-1B1F-431B-8698-68CDE0500017}"
EndProject
Global
	GlobalSection(SolutionConfigurationPlatforms) = preSolution
		Debug|Any CPU = Debug|Any CPU
		Release|Any CPU = Release|Any CPU
	EndGlobalSection
	GlobalSection(ProjectConfigurationPlatforms) = postSolution
		{89D96523-B035-4557-A592-F62453C98F9B}.Debug|Any CPU.ActiveCfg = Debug|Any CPU
		{89D96523-B035-4557-A592-F62453C98F9B}.Debug|Any CPU.Build.0 = Debug|Any CPU
		{89D96523-B035-4557-A592-F62453C98F9B}.Release|Any CPU.ActiveCfg = Release|Any CPU
		{89D96523-B035-4557-A592-F62453C98F9B}.Release|Any CPU.Build.0 = Release|Any CPU
		{4D827A71-1B1F-431B-8698-68CDE0500017}.Debug|Any CPU.ActiveCfg = Debug|Any CPU
		{4D827A71-1B1F-431B-8698-68CDE0500017}.Debug|Any CPU.Build.0 = Debug|Any CPU
		{4D827A71-1B1F-431B-8698-68CDE0500017}.Release|Any CPU.ActiveCfg = Release|Any CPU
		{4D827A71-1B1F-431B-8698-68CDE0500017}.Release|Any CPU.Build.0 = Release|Any CPU
	EndGlobalSection
	GlobalSection(SolutionProperties) = preSolution
		HideSolutionNode = FALSE
	EndGlobalSection
	GlobalSection(ExtensibilityGlobals) = postSolution
		SolutionGuid = {EA6C97C5-3489-4937-BFC5-C3DBCD005895}
	EndGlobalSection
EndGlobal
